
Microsoft Visual Studio Solution File, Format Version 12.00
# Visual Studio 15
VisualStudioVersion = 15.0.27004.2005
MinimumVisualStudioVersion = 10.0.40219.1
Project("{FAE04EC0-301F-11D3-BF4B-00C04F79EFBC}") = "01. Class Box", "ENCAPSULATION AND VALIDATION\01. Class Box.csproj", "{2D849CF8-939F-4FF1-AFDA-43551753B5A9}"
EndProject
Project("{FAE04EC0-301F-11D3-BF4B-00C04F79EFBC}") = "02. Class Box Data Validation", "02. Class Box Data Validation\02. Class Box Data Validation.csproj", "{4A3DD387-4EB7-43B4-8278-526DD40A0269}"
EndProject
Project("{FAE04EC0-301F-11D3-BF4B-00C04F79EFBC}") = "03. Shopping Spree", "03. Shopping Spree\03. Shopping Spree.csproj", "{B994A814-48C6-4B81-BD85-F6CCFA28DB2A}"
EndProject
Project("{FAE04EC0-301F-11D3-BF4B-00C04F79EFBC}") = "04. Pizza Calories", "04. Pizza Calories\04. Pizza Calories.csproj", "{25357304-F3F4-4B7C-BDEA-4BC19A286CA6}"
EndProject
Global
	GlobalSection(SolutionConfigurationPlatforms) = preSolution
		Debug|Any CPU = Debug|Any CPU
		Release|Any CPU = Release|Any CPU
	EndGlobalSection
	GlobalSection(ProjectConfigurationPlatforms) = postSolution
		{2D849CF8-939F-4FF1-AFDA-43551753B5A9}.Debug|Any CPU.ActiveCfg = Debug|Any CPU
		{2D849CF8-939F-4FF1-AFDA-43551753B5A9}.Debug|Any CPU.Build.0 = Debug|Any CPU
		{2D849CF8-939F-4FF1-AFDA-43551753B5A9}.Release|Any CPU.ActiveCfg = Release|Any CPU
		{2D849CF8-939F-4FF1-AFDA-43551753B5A9}.Release|Any CPU.Build.0 = Release|Any CPU
		{4A3DD387-4EB7-43B4-8278-526DD40A0269}.Debug|Any CPU.ActiveCfg = Debug|Any CPU
		{4A3DD387-4EB7-43B4-8278-526DD40A0269}.Debug|Any CPU.Build.0 = Debug|Any CPU
		{4A3DD387-4EB7-43B4-8278-526DD40A0269}.Release|Any CPU.ActiveCfg = Release|Any CPU
		{4A3DD387-4EB7-43B4-8278-526DD40A0269}.Release|Any CPU.Build.0 = Release|Any CPU
		{B994A814-48C6-4B81-BD85-F6CCFA28DB2A}.Debug|Any CPU.ActiveCfg = Debug|Any CPU
		{B994A814-48C6-4B81-BD85-F6CCFA28DB2A}.Debug|Any CPU.Build.0 = Debug|Any CPU
		{B994A814-48C6-4B81-BD85-F6CCFA28DB2A}.Release|Any CPU.ActiveCfg = Release|Any CPU
		{B994A814-48C6-4B81-BD85-F6CCFA28DB2A}.Release|Any CPU.Build.0 = Release|Any CPU
		{25357304-F3F4-4B7C-BDEA-4BC19A286CA6}.Debug|Any CPU.ActiveCfg = Debug|Any CPU
		{25357304-F3F4-4B7C-BDEA-4BC19A286CA6}.Debug|Any CPU.Build.0 = Debug|Any CPU
		{25357304-F3F4-4B7C-BDEA-4BC19A286CA6}.Release|Any CPU.ActiveCfg = Release|Any CPU
		{25357304-F3F4-4B7C-BDEA-4BC19A286CA6}.Release|Any CPU.Build.0 = Release|Any CPU
	EndGlobalSection
	GlobalSection(SolutionProperties) = preSolution
		HideSolutionNode = FALSE
	EndGlobalSection
	GlobalSection(ExtensibilityGlobals) = postSolution
		SolutionGuid = {F271ABE6-1917-4FAB-BA5F-676C062866D7}
	EndGlobalSection
EndGlobal
