
Microsoft Visual Studio Solution File, Format Version 12.00
# Visual Studio 15
VisualStudioVersion = 15.0.27004.2005
MinimumVisualStudioVersion = 10.0.40219.1
Project("{FAE04EC0-301F-11D3-BF4B-00C04F79EFBC}") = "05. Football Team Generator", "05. Football Team Generator\05. Football Team Generator.csproj", "{3700329A-0AD8-4E54-9313-20EC7B33C337}"
EndProject
Project("{FAE04EC0-301F-11D3-BF4B-00C04F79EFBC}") = "06. Online Radio Database", "06. Online Radio Database\06. Online Radio Database.csproj", "{73AA976B-23C0-4B74-BF1D-140449EEDE6B}"
EndProject
Project("{FAE04EC0-301F-11D3-BF4B-00C04F79EFBC}") = "07. Animals", "07. Animals\07. Animals.csproj", "{2C95B6A4-E4CF-4846-A71E-D4660F0B6016}"
EndProject
Global
	GlobalSection(SolutionConfigurationPlatforms) = preSolution
		Debug|Any CPU = Debug|Any CPU
		Release|Any CPU = Release|Any CPU
	EndGlobalSection
	GlobalSection(ProjectConfigurationPlatforms) = postSolution
		{3700329A-0AD8-4E54-9313-20EC7B33C337}.Debug|Any CPU.ActiveCfg = Debug|Any CPU
		{3700329A-0AD8-4E54-9313-20EC7B33C337}.Debug|Any CPU.Build.0 = Debug|Any CPU
		{3700329A-0AD8-4E54-9313-20EC7B33C337}.Release|Any CPU.ActiveCfg = Release|Any CPU
		{3700329A-0AD8-4E54-9313-20EC7B33C337}.Release|Any CPU.Build.0 = Release|Any CPU
		{73AA976B-23C0-4B74-BF1D-140449EEDE6B}.Debug|Any CPU.ActiveCfg = Debug|Any CPU
		{73AA976B-23C0-4B74-BF1D-140449EEDE6B}.Debug|Any CPU.Build.0 = Debug|Any CPU
		{73AA976B-23C0-4B74-BF1D-140449EEDE6B}.Release|Any CPU.ActiveCfg = Release|Any CPU
		{73AA976B-23C0-4B74-BF1D-140449EEDE6B}.Release|Any CPU.Build.0 = Release|Any CPU
		{2C95B6A4-E4CF-4846-A71E-D4660F0B6016}.Debug|Any CPU.ActiveCfg = Debug|Any CPU
		{2C95B6A4-E4CF-4846-A71E-D4660F0B6016}.Debug|Any CPU.Build.0 = Debug|Any CPU
		{2C95B6A4-E4CF-4846-A71E-D4660F0B6016}.Release|Any CPU.ActiveCfg = Release|Any CPU
		{2C95B6A4-E4CF-4846-A71E-D4660F0B6016}.Release|Any CPU.Build.0 = Release|Any CPU
	EndGlobalSection
	GlobalSection(SolutionProperties) = preSolution
		HideSolutionNode = FALSE
	EndGlobalSection
	GlobalSection(ExtensibilityGlobals) = postSolution
		SolutionGuid = {F2371262-8882-40A6-B303-47AA99BB692F}
	EndGlobalSection
EndGlobal
