
Microsoft Visual Studio Solution File, Format Version 12.00
# Visual Studio 15
VisualStudioVersion = 15.0.27004.2005
MinimumVisualStudioVersion = 10.0.40219.1
Project("{FAE04EC0-301F-11D3-BF4B-00C04F79EFBC}") = "01. Define a Class Person", "01. Define a Class Person\01. Define a Class Person.csproj", "{B52EF443-9717-45CD-A335-A55A1F2E092B}"
EndProject
Project("{FAE04EC0-301F-11D3-BF4B-00C04F79EFBC}") = "02. Creating Constructors", "02. Creating Constructors\02. Creating Constructors.csproj", "{3562F618-74CF-4A4D-B4CC-52F7C412B3E8}"
EndProject
Project("{FAE04EC0-301F-11D3-BF4B-00C04F79EFBC}") = "03. Opinion Poll", "03. Opinion Poll\03. Opinion Poll.csproj", "{0DC795A2-C39E-4CF8-B2BD-01A84EB3B042}"
EndProject
Project("{FAE04EC0-301F-11D3-BF4B-00C04F79EFBC}") = "04. Speed Racing", "04. Speed Racing\04. Speed Racing.csproj", "{022D9E75-4266-47DB-868B-B1FB58C424A8}"
EndProject
Project("{FAE04EC0-301F-11D3-BF4B-00C04F79EFBC}") = "05. Company Roster", "05. Company Roaster\05. Company Roster.csproj", "{82B297B4-FE33-4917-A559-3981BB54258E}"
EndProject
Global
	GlobalSection(SolutionConfigurationPlatforms) = preSolution
		Debug|Any CPU = Debug|Any CPU
		Release|Any CPU = Release|Any CPU
	EndGlobalSection
	GlobalSection(ProjectConfigurationPlatforms) = postSolution
		{B52EF443-9717-45CD-A335-A55A1F2E092B}.Debug|Any CPU.ActiveCfg = Debug|Any CPU
		{B52EF443-9717-45CD-A335-A55A1F2E092B}.Debug|Any CPU.Build.0 = Debug|Any CPU
		{B52EF443-9717-45CD-A335-A55A1F2E092B}.Release|Any CPU.ActiveCfg = Release|Any CPU
		{B52EF443-9717-45CD-A335-A55A1F2E092B}.Release|Any CPU.Build.0 = Release|Any CPU
		{3562F618-74CF-4A4D-B4CC-52F7C412B3E8}.Debug|Any CPU.ActiveCfg = Debug|Any CPU
		{3562F618-74CF-4A4D-B4CC-52F7C412B3E8}.Debug|Any CPU.Build.0 = Debug|Any CPU
		{3562F618-74CF-4A4D-B4CC-52F7C412B3E8}.Release|Any CPU.ActiveCfg = Release|Any CPU
		{3562F618-74CF-4A4D-B4CC-52F7C412B3E8}.Release|Any CPU.Build.0 = Release|Any CPU
		{0DC795A2-C39E-4CF8-B2BD-01A84EB3B042}.Debug|Any CPU.ActiveCfg = Debug|Any CPU
		{0DC795A2-C39E-4CF8-B2BD-01A84EB3B042}.Debug|Any CPU.Build.0 = Debug|Any CPU
		{0DC795A2-C39E-4CF8-B2BD-01A84EB3B042}.Release|Any CPU.ActiveCfg = Release|Any CPU
		{0DC795A2-C39E-4CF8-B2BD-01A84EB3B042}.Release|Any CPU.Build.0 = Release|Any CPU
		{022D9E75-4266-47DB-868B-B1FB58C424A8}.Debug|Any CPU.ActiveCfg = Debug|Any CPU
		{022D9E75-4266-47DB-868B-B1FB58C424A8}.Debug|Any CPU.Build.0 = Debug|Any CPU
		{022D9E75-4266-47DB-868B-B1FB58C424A8}.Release|Any CPU.ActiveCfg = Release|Any CPU
		{022D9E75-4266-47DB-868B-B1FB58C424A8}.Release|Any CPU.Build.0 = Release|Any CPU
		{82B297B4-FE33-4917-A559-3981BB54258E}.Debug|Any CPU.ActiveCfg = Debug|Any CPU
		{82B297B4-FE33-4917-A559-3981BB54258E}.Debug|Any CPU.Build.0 = Debug|Any CPU
		{82B297B4-FE33-4917-A559-3981BB54258E}.Release|Any CPU.ActiveCfg = Release|Any CPU
		{82B297B4-FE33-4917-A559-3981BB54258E}.Release|Any CPU.Build.0 = Release|Any CPU
	EndGlobalSection
	GlobalSection(SolutionProperties) = preSolution
		HideSolutionNode = FALSE
	EndGlobalSection
	GlobalSection(ExtensibilityGlobals) = postSolution
		SolutionGuid = {D2396CB3-E4BF-48B7-9C3F-74DAD6AFF0B4}
	EndGlobalSection
EndGlobal
